{
  "name": "openarm-tray-carry-web",
  "version": "0.1.0",
  "lockfileVersion": 3,
  "requires": true,
  "packages": {
    "": {
      "name": "openarm-tray-carry-web",
      "version": "0.1.0",
      "license": "Apache-2.0",
      "devDependencies": {
        "@mujoco/mujoco": "3.13.0",
        "@xmldom/xmldom": "^0.9.12"
      }
    },
    "node_modules/@mujoco/mujoco": {
      "version": "3.13.0",
      "resolved": "https://registry.npmjs.org/@mujoco/mujoco/-/mujoco-3.13.0.tgz",
      "integrity": "sha512-9OAp3i2pR9U8SnJfr+/UcmxpbIOcUUSBjNGY79XS4NYcyYjztqHmx1kl/83yoEpxDd40WBcDOKZqNhEmhN1+Sg==",
      "dev": true,
      "license": "Apache-2.0"
    },
    "node_modules/@xmldom/xmldom": {
      "version": "0.9.12",
      "resolved": "https://registry.npmjs.org/@xmldom/xmldom/-/xmldom-0.9.12.tgz",
      "integrity": "sha512-5AXjrcMClTryPe9LgZrygpB1lj7s0S9E0+W+AHaVKAVyHanafK86iPSvG5xHVSp/jC+VH1UXu0TAEmY279xH7A==",
      "dev": true,
      "license": "MIT",
      "engines": {
        "node": ">=14.6"
      }
    }
  }
}
